
Microsoft Visual Studio Solution File, Format Version 12.00
# Visual Studio Version 16
VisualStudioVersion = 16.0.29215.179
MinimumVisualStudioVersion = 10.0.40219.1
Project("{FAE04EC0-301F-11D3-BF4B-00C04F79EFBC}") = "FacebookStoryPoster", "FacebookStoryPoster\FacebookStoryPoster.csproj", "{91B9316D-C557-47D8-9039-77B8C0E043A6}"
EndProject
Global
	GlobalSection(SolutionConfigurationPlatforms) = preSolution
		Debug|Any CPU = Debug|Any CPU
		Release|Any CPU = Release|Any CPU
	EndGlobalSection
	GlobalSection(ProjectConfigurationPlatforms) = postSolution
		{91B9316D-C557-47D8-9039-77B8C0E043A6}.Debug|Any CPU.ActiveCfg = Debug|Any CPU
		{91B9316D-C557-47D8-9039-77B8C0E043A6}.Debug|Any CPU.Build.0 = Debug|Any CPU
		{91B9316D-C557-47D8-9039-77B8C0E043A6}.Release|Any CPU.ActiveCfg = Release|Any CPU
		{91B9316D-C557-47D8-9039-77B8C0E043A6}.Release|Any CPU.Build.0 = Release|Any CPU
	EndGlobalSection
	GlobalSection(SolutionProperties) = preSolution
		HideSolutionNode = FALSE
	EndGlobalSection
	GlobalSection(ExtensibilityGlobals) = postSolution
		SolutionGuid = {707491D8-D773-490B-8860-4B32F4B2EF28}
	EndGlobalSection
EndGlobal
